
Microsoft Visual Studio Solution File, Format Version 12.00
# Visual Studio Version 16
VisualStudioVersion = 16.0.29215.179
MinimumVisualStudioVersion = 10.0.40219.1
Project("{FAE04EC0-301F-11D3-BF4B-00C04F79EFBC}") = "Lab5", "Lab5\Lab5.csproj", "{834688E6-495F-47C3-961F-60CBBCE2E8AE}"
EndProject
Global
	GlobalSection(SolutionConfigurationPlatforms) = preSolution
		Debug|Any CPU = Debug|Any CPU
		Release|Any CPU = Release|Any CPU
	EndGlobalSection
	GlobalSection(ProjectConfigurationPlatforms) = postSolution
		{834688E6-495F-47C3-961F-60CBBCE2E8AE}.Debug|Any CPU.ActiveCfg = Debug|Any CPU
		{834688E6-495F-47C3-961F-60CBBCE2E8AE}.Debug|Any CPU.Build.0 = Debug|Any CPU
		{834688E6-495F-47C3-961F-60CBBCE2E8AE}.Release|Any CPU.ActiveCfg = Release|Any CPU
		{834688E6-495F-47C3-961F-60CBBCE2E8AE}.Release|Any CPU.Build.0 = Release|Any CPU
	EndGlobalSection
	GlobalSection(SolutionProperties) = preSolution
		HideSolutionNode = FALSE
	EndGlobalSection
	GlobalSection(ExtensibilityGlobals) = postSolution
		SolutionGuid = {95AB025E-C241-4BE5-91BD-A7AEEA5693CF}
	EndGlobalSection
EndGlobal
